// !$*UTF8*$!
{
	archiveVersion = 1;
	classes = {
	};
	objectVersion = 50;
	objects = {

/* Begin PBXBuildFile section */
		AFE76A432138244B00F071FF /* AppDelegate.swift in Sources */ = {isa = PBXBuildFile; fileRef = AFE76A422138244B00F071FF /* AppDelegate.swift */; };
		AFE76A452138244B00F071FF /* GameScene.sks in Resources */ = {isa = PBXBuildFile; fileRef = AFE76A442138244B00F071FF /* GameScene.sks */; };
		AFE76A472138244B00F071FF /* Actions.sks in Resources */ = {isa = PBXBuildFile; fileRef = AFE76A462138244B00F071FF /* Actions.sks */; };
		AFE76A492138244B00F071FF /* GameScene.swift in Sources */ = {isa = PBXBuildFile; fileRef = AFE76A482138244B00F071FF /* GameScene.swift */; };
		AFE76A4B2138244B00F071FF /* GameViewController.swift in Sources */ = {isa = PBXBuildFile; fileRef = AFE76A4A2138244B00F071FF /* GameViewController.swift */; };
		AFE76A4E2138244B00F071FF /* Main.storyboard in Resources */ = {isa = PBXBuildFile; fileRef = AFE76A4C2138244B00F071FF /* Main.storyboard */; };
		AFE76A502138244E00F071FF /* Assets.xcassets in Resources */ = {isa = PBXBuildFile; fileRef = AFE76A4F2138244E00F071FF /* Assets.xcassets */; };
		AFE76A532138244E00F071FF /* LaunchScreen.storyboard in Resources */ = {isa = PBXBuildFile; fileRef = AFE76A512138244E00F071FF /* LaunchScreen.storyboard */; };
		AFE76A7B2138265A00F071FF /* bg@2x.png in Resources */ = {isa = PBXBuildFile; fileRef = AFE76A702138265900F071FF /* bg@2x.png */; };
		AFE76A7C2138265A00F071FF /* pipeTop.png in Resources */ = {isa = PBXBuildFile; fileRef = AFE76A712138265900F071FF /* pipeTop.png */; };
		AFE76A7D2138265A00F071FF /* pipeBottom.png in Resources */ = {isa = PBXBuildFile; fileRef = AFE76A722138265900F071FF /* pipeBottom.png */; };
		AFE76A7E2138265A00F071FF /* star.png in Resources */ = {isa = PBXBuildFile; fileRef = AFE76A732138265900F071FF /* star.png */; };
		AFE76A7F2138265A00F071FF /* sound.mp3 in Resources */ = {isa = PBXBuildFile; fileRef = AFE76A742138265900F071FF /* sound.mp3 */; };
		AFE76A802138265A00F071FF /* bg.png in Resources */ = {isa = PBXBuildFile; fileRef = AFE76A752138265900F071FF /* bg.png */; };
		AFE76A812138265A00F071FF /* bg@3x.png in Resources */ = {isa = PBXBuildFile; fileRef = AFE76A762138265900F071FF /* bg@3x.png */; };
		AFE76A822138265A00F071FF /* bird.png in Resources */ = {isa = PBXBuildFile; fileRef = AFE76A772138265A00F071FF /* bird.png */; };
		AFE76A832138265A00F071FF /* GameOverImage.jpg in Resources */ = {isa = PBXBuildFile; fileRef = AFE76A782138265A00F071FF /* GameOverImage.jpg */; };
		AFE76A842138265A00F071FF /* logo.png in Resources */ = {isa = PBXBuildFile; fileRef = AFE76A792138265A00F071FF /* logo.png */; };
		AFE76A852138265A00F071FF /* backSound.mp3 in Resources */ = {isa = PBXBuildFile; fileRef = AFE76A7A2138265A00F071FF /* backSound.mp3 */; };
/* End PBXBuildFile section */

/* Begin PBXFileReference section */
		AFE76A3F2138244B00F071FF /* FlapybirdGame.app */ = {isa = PBXFileReference; explicitFileType = wrapper.application; includeInIndex = 0; path = FlapybirdGame.app; sourceTree = BUILT_PRODUCTS_DIR; };
		AFE76A422138244B00F071FF /* AppDelegate.swift */ = {isa = PBXFileReference; lastKnownFileType = sourcecode.swift; path = AppDelegate.swift; sourceTree = "<group>"; };
		AFE76A442138244B00F071FF /* GameScene.sks */ = {isa = PBXFileReference; lastKnownFileType = file.sks; path = GameScene.sks; sourceTree = "<group>"; };
		AFE76A462138244B00F071FF /* Actions.sks */ = {isa = PBXFileReference; lastKnownFileType = file.sks; path = Actions.sks; sourceTree = "<group>"; };
		AFE76A482138244B00F071FF /* GameScene.swift */ = {isa = PBXFileReference; lastKnownFileType = sourcecode.swift; path = GameScene.swift; sourceTree = "<group>"; };
		AFE76A4A2138244B00F071FF /* GameViewController.swift */ = {isa = PBXFileReference; lastKnownFileType = sourcecode.swift; path = GameViewController.swift; sourceTree = "<group>"; };
		AFE76A4D2138244B00F071FF /* Base */ = {isa = PBXFileReference; lastKnownFileType = file.storyboard; name = Base; path = Base.lproj/Main.storyboard; sourceTree = "<group>"; };
		AFE76A4F2138244E00F071FF /* Assets.xcassets */ = {isa = PBXFileReference; lastKnownFileType = folder.assetcatalog; path = Assets.xcassets; sourceTree = "<group>"; };
		AFE76A522138244E00F071FF /* Base */ = {isa = PBXFileReference; lastKnownFileType = file.storyboard; name = Base; path = Base.lproj/LaunchScreen.storyboard; sourceTree = "<group>"; };
		AFE76A542138244E00F071FF /* Info.plist */ = {isa = PBXFileReference; lastKnownFileType = text.plist.xml; path = Info.plist; sourceTree = "<group>"; };
		AFE76A702138265900F071FF /* bg@2x.png */ = {isa = PBXFileReference; lastKnownFileType = image.png; path = "bg@2x.png"; sourceTree = "<group>"; };
		AFE76A712138265900F071FF /* pipeTop.png */ = {isa = PBXFileReference; lastKnownFileType = image.png; path = pipeTop.png; sourceTree = "<group>"; };
		AFE76A722138265900F071FF /* pipeBottom.png */ = {isa = PBXFileReference; lastKnownFileType = image.png; path = pipeBottom.png; sourceTree = "<group>"; };
		AFE76A732138265900F071FF /* star.png */ = {isa = PBXFileReference; lastKnownFileType = image.png; path = star.png; sourceTree = "<group>"; };
		AFE76A742138265900F071FF /* sound.mp3 */ = {isa = PBXFileReference; lastKnownFileType = audio.mp3; path = sound.mp3; sourceTree = "<group>"; };
		AFE76A752138265900F071FF /* bg.png */ = {isa = PBXFileReference; lastKnownFileType = image.png; path = bg.png; sourceTree = "<group>"; };
		AFE76A762138265900F071FF /* bg@3x.png */ = {isa = PBXFileReference; lastKnownFileType = image.png; path = "bg@3x.png"; sourceTree = "<group>"; };
		AFE76A772138265A00F071FF /* bird.png */ = {isa = PBXFileReference; lastKnownFileType = image.png; path = bird.png; sourceTree = "<group>"; };
		AFE76A782138265A00F071FF /* GameOverImage.jpg */ = {isa = PBXFileReference; lastKnownFileType = image.jpeg; path = GameOverImage.jpg; sourceTree = "<group>"; };
		AFE76A792138265A00F071FF /* logo.png */ = {isa = PBXFileReference; lastKnownFileType = image.png; path = logo.png; sourceTree = "<group>"; };
		AFE76A7A2138265A00F071FF /* backSound.mp3 */ = {isa = PBXFileReference; lastKnownFileType = audio.mp3; path = backSound.mp3; sourceTree = "<group>"; };
/* End PBXFileReference section */

/* Begin PBXFrameworksBuildPhase section */
		AFE76A3C2138244B00F071FF /* Frameworks */ = {
			isa = PBXFrameworksBuildPhase;
			buildActionMask = 2147483647;
			files = (
			);
			runOnlyForDeploymentPostprocessing = 0;
		};
/* End PBXFrameworksBuildPhase section */

/* Begin PBXGroup section */
		AFE76A362138244B00F071FF = {
			isa = PBXGroup;
			children = (
				AFE76A412138244B00F071FF /* FlapybirdGame */,
				AFE76A402138244B00F071FF /* Products */,
			);
			sourceTree = "<group>";
		};
		AFE76A402138244B00F071FF /* Products */ = {
			isa = PBXGroup;
			children = (
				AFE76A3F2138244B00F071FF /* FlapybirdGame.app */,
			);
			name = Products;
			sourceTree = "<group>";
		};
		AFE76A412138244B00F071FF /* FlapybirdGame */ = {
			isa = PBXGroup;
			children = (
				AFE76A422138244B00F071FF /* AppDelegate.swift */,
				AFE76A442138244B00F071FF /* GameScene.sks */,
				AFE76A462138244B00F071FF /* Actions.sks */,
				AFE76A482138244B00F071FF /* GameScene.swift */,
				AFE76A4A2138244B00F071FF /* GameViewController.swift */,
				AFE76A4C2138244B00F071FF /* Main.storyboard */,
				AFE76A4F2138244E00F071FF /* Assets.xcassets */,
				AFE76A512138244E00F071FF /* LaunchScreen.storyboard */,
				AFE76A542138244E00F071FF /* Info.plist */,
				AFE76A7A2138265A00F071FF /* backSound.mp3 */,
				AFE76A752138265900F071FF /* bg.png */,
				AFE76A702138265900F071FF /* bg@2x.png */,
				AFE76A762138265900F071FF /* bg@3x.png */,
				AFE76A772138265A00F071FF /* bird.png */,
				AFE76A782138265A00F071FF /* GameOverImage.jpg */,
				AFE76A792138265A00F071FF /* logo.png */,
				AFE76A722138265900F071FF /* pipeBottom.png */,
				AFE76A712138265900F071FF /* pipeTop.png */,
				AFE76A742138265900F071FF /* sound.mp3 */,
				AFE76A732138265900F071FF /* star.png */,
			);
			path = FlapybirdGame;
			sourceTree = "<group>";
		};
/* End PBXGroup section */

/* Begin PBXNativeTarget section */
		AFE76A3E2138244B00F071FF /* FlapybirdGame */ = {
			isa = PBXNativeTarget;
			buildConfigurationList = AFE76A572138244E00F071FF /* Build configuration list for PBXNativeTarget "FlapybirdGame" */;
			buildPhases = (
				AFE76A3B2138244B00F071FF /* Sources */,
				AFE76A3C2138244B00F071FF /* Frameworks */,
				AFE76A3D2138244B00F071FF /* Resources */,
			);
			buildRules = (
			);
			dependencies = (
			);
			name = FlapybirdGame;
			productName = FlapybirdGame;
			productReference = AFE76A3F2138244B00F071FF /* FlapybirdGame.app */;
			productType = "com.apple.product-type.application";
		};
/* End PBXNativeTarget section */

/* Begin PBXProject section */
		AFE76A372138244B00F071FF /* Project object */ = {
			isa = PBXProject;
			attributes = {
				LastSwiftUpdateCheck = 0940;
				LastUpgradeCheck = 0940;
				ORGANIZATIONNAME = "Hiroki Nakashima";
				TargetAttributes = {
					AFE76A3E2138244B00F071FF = {
						CreatedOnToolsVersion = 9.4.1;
					};
				};
			};
			buildConfigurationList = AFE76A3A2138244B00F071FF /* Build configuration list for PBXProject "FlapybirdGame" */;
			compatibilityVersion = "Xcode 9.3";
			developmentRegion = en;
			hasScannedForEncodings = 0;
			knownRegions = (
				en,
				Base,
			);
			mainGroup = AFE76A362138244B00F071FF;
			productRefGroup = AFE76A402138244B00F071FF /* Products */;
			projectDirPath = "";
			projectRoot = "";
			targets = (
				AFE76A3E2138244B00F071FF /* FlapybirdGame */,
			);
		};
/* End PBXProject section */

/* Begin PBXResourcesBuildPhase section */
		AFE76A3D2138244B00F071FF /* Resources */ = {
			isa = PBXResourcesBuildPhase;
			buildActionMask = 2147483647;
			files = (
				AFE76A812138265A00F071FF /* bg@3x.png in Resources */,
				AFE76A4E2138244B00F071FF /* Main.storyboard in Resources */,
				AFE76A822138265A00F071FF /* bird.png in Resources */,
				AFE76A832138265A00F071FF /* GameOverImage.jpg in Resources */,
				AFE76A452138244B00F071FF /* GameScene.sks in Resources */,
				AFE76A852138265A00F071FF /* backSound.mp3 in Resources */,
				AFE76A7E2138265A00F071FF /* star.png in Resources */,
				AFE76A502138244E00F071FF /* Assets.xcassets in Resources */,
				AFE76A7F2138265A00F071FF /* sound.mp3 in Resources */,
				AFE76A7B2138265A00F071FF /* bg@2x.png in Resources */,
				AFE76A7D2138265A00F071FF /* pipeBottom.png in Resources */,
				AFE76A532138244E00F071FF /* LaunchScreen.storyboard in Resources */,
				AFE76A842138265A00F071FF /* logo.png in Resources */,
				AFE76A7C2138265A00F071FF /* pipeTop.png in Resources */,
				AFE76A802138265A00F071FF /* bg.png in Resources */,
				AFE76A472138244B00F071FF /* Actions.sks in Resources */,
			);
			runOnlyForDeploymentPostprocessing = 0;
		};
/* End PBXResourcesBuildPhase section */

/* Begin PBXSourcesBuildPhase section */
		AFE76A3B2138244B00F071FF /* Sources */ = {
			isa = PBXSourcesBuildPhase;
			buildActionMask = 2147483647;
			files = (
				AFE76A492138244B00F071FF /* GameScene.swift in Sources */,
				AFE76A4B2138244B00F071FF /* GameViewController.swift in Sources */,
				AFE76A432138244B00F071FF /* AppDelegate.swift in Sources */,
			);
			runOnlyForDeploymentPostprocessing = 0;
		};
/* End PBXSourcesBuildPhase section */

/* Begin PBXVariantGroup section */
		AFE76A4C2138244B00F071FF /* Main.storyboard */ = {
			isa = PBXVariantGroup;
			children = (
				AFE76A4D2138244B00F071FF /* Base */,
			);
			name = Main.storyboard;
			sourceTree = "<group>";
		};
		AFE76A512138244E00F071FF /* LaunchScreen.storyboard */ = {
			isa = PBXVariantGroup;
			children = (
				AFE76A522138244E00F071FF /* Base */,
			);
			name = LaunchScreen.storyboard;
			sourceTree = "<group>";
		};
/* End PBXVariantGroup section */

/* Begin XCBuildConfiguration section */
		AFE76A552138244E00F071FF /* Debug */ = {
			isa = XCBuildConfiguration;
			buildSettings = {
				ALWAYS_SEARCH_USER_PATHS = NO;
				CLANG_ANALYZER_NONNULL = YES;
				CLANG_ANALYZER_NUMBER_OBJECT_CONVERSION = YES_AGGRESSIVE;
				CLANG_CXX_LANGUAGE_STANDARD = "gnu++14";
				CLANG_CXX_LIBRARY = "libc++";
				CLANG_ENABLE_MODULES = YES;
				CLANG_ENABLE_OBJC_ARC = YES;
				CLANG_ENABLE_OBJC_WEAK = YES;
				CLANG_WARN_BLOCK_CAPTURE_AUTORELEASING = YES;
				CLANG_WARN_BOOL_CONVERSION = YES;
				CLANG_WARN_COMMA = YES;
				CLANG_WARN_CONSTANT_CONVERSION = YES;
				CLANG_WARN_DEPRECATED_OBJC_IMPLEMENTATIONS = YES;
				CLANG_WARN_DIRECT_OBJC_ISA_USAGE = YES_ERROR;
				CLANG_WARN_DOCUMENTATION_COMMENTS = YES;
				CLANG_WARN_EMPTY_BODY = YES;
				CLANG_WARN_ENUM_CONVERSION = YES;
				CLANG_WARN_INFINITE_RECURSION = YES;
				CLANG_WARN_INT_CONVERSION = YES;
				CLANG_WARN_NON_LITERAL_NULL_CONVERSION = YES;
				CLANG_WARN_OBJC_IMPLICIT_RETAIN_SELF = YES;
				CLANG_WARN_OBJC_LITERAL_CONVERSION = YES;
				CLANG_WARN_OBJC_ROOT_CLASS = YES_ERROR;
				CLANG_WARN_RANGE_LOOP_ANALYSIS = YES;
				CLANG_WARN_STRICT_PROTOTYPES = YES;
				CLANG_WARN_SUSPICIOUS_MOVE = YES;
				CLANG_WARN_UNGUARDED_AVAILABILITY = YES_AGGRESSIVE;
				CLANG_WARN_UNREACHABLE_CODE = YES;
				CLANG_WARN__DUPLICATE_METHOD_MATCH = YES;
				CODE_SIGN_IDENTITY = "iPhone Developer";
				COPY_PHASE_STRIP = NO;
				DEBUG_INFORMATION_FORMAT = dwarf;
				ENABLE_STRICT_OBJC_MSGSEND = YES;
				ENABLE_TESTABILITY = YES;
				GCC_C_LANGUAGE_STANDARD = gnu11;
				GCC_DYNAMIC_NO_PIC = NO;
				GCC_NO_COMMON_BLOCKS = YES;
				GCC_OPTIMIZATION_LEVEL = 0;
				GCC_PREPROCESSOR_DEFINITIONS = (
					"DEBUG=1",
					"$(inherited)",
				);
				GCC_WARN_64_TO_32_BIT_CONVERSION = YES;
				GCC_WARN_ABOUT_RETURN_TYPE = YES_ERROR;
				GCC_WARN_UNDECLARED_SELECTOR = YES;
				GCC_WARN_UNINITIALIZED_AUTOS = YES_AGGRESSIVE;
				GCC_WARN_UNUSED_FUNCTION = YES;
				GCC_WARN_UNUSED_VARIABLE = YES;
				IPHONEOS_DEPLOYMENT_TARGET = 11.4;
				MTL_ENABLE_DEBUG_INFO = YES;
				ONLY_ACTIVE_ARCH = YES;
				SDKROOT = iphoneos;
				SWIFT_ACTIVE_COMPILATION_CONDITIONS = DEBUG;
				SWIFT_OPTIMIZATION_LEVEL = "-Onone";
			};
			name = Debug;
		};
		AFE76A562138244E00F071FF /* Release */ = {
			isa = XCBuildConfiguration;
			buildSettings = {
				ALWAYS_SEARCH_USER_PATHS = NO;
				CLANG_ANALYZER_NONNULL = YES;
				CLANG_ANALYZER_NUMBER_OBJECT_CONVERSION = YES_AGGRESSIVE;
				CLANG_CXX_LANGUAGE_STANDARD = "gnu++14";
				CLANG_CXX_LIBRARY = "libc++";
				CLANG_ENABLE_MODULES = YES;
				CLANG_ENABLE_OBJC_ARC = YES;
				CLANG_ENABLE_OBJC_WEAK = YES;
				CLANG_WARN_BLOCK_CAPTURE_AUTORELEASING = YES;
				CLANG_WARN_BOOL_CONVERSION = YES;
				CLANG_WARN_COMMA = YES;
				CLANG_WARN_CONSTANT_CONVERSION = YES;
				CLANG_WARN_DEPRECATED_OBJC_IMPLEMENTATIONS = YES;
				CLANG_WARN_DIRECT_OBJC_ISA_USAGE = YES_ERROR;
				CLANG_WARN_DOCUMENTATION_COMMENTS = YES;
				CLANG_WARN_EMPTY_BODY = YES;
				CLANG_WARN_ENUM_CONVERSION = YES;
				CLANG_WARN_INFINITE_RECURSION = YES;
				CLANG_WARN_INT_CONVERSION = YES;
				CLANG_WARN_NON_LITERAL_NULL_CONVERSION = YES;
				CLANG_WARN_OBJC_IMPLICIT_RETAIN_SELF = YES;
				CLANG_WARN_OBJC_LITERAL_CONVERSION = YES;
				CLANG_WARN_OBJC_ROOT_CLASS = YES_ERROR;
				CLANG_WARN_RANGE_LOOP_ANALYSIS = YES;
				CLANG_WARN_STRICT_PROTOTYPES = YES;
				CLANG_WARN_SUSPICIOUS_MOVE = YES;
				CLANG_WARN_UNGUARDED_AVAILABILITY = YES_AGGRESSIVE;
				CLANG_WARN_UNREACHABLE_CODE = YES;
				CLANG_WARN__DUPLICATE_METHOD_MATCH = YES;
				CODE_SIGN_IDENTITY = "iPhone Developer";
				COPY_PHASE_STRIP = NO;
				DEBUG_INFORMATION_FORMAT = "dwarf-with-dsym";
				ENABLE_NS_ASSERTIONS = NO;
				ENABLE_STRICT_OBJC_MSGSEND = YES;
				GCC_C_LANGUAGE_STANDARD = gnu11;
				GCC_NO_COMMON_BLOCKS = YES;
				GCC_WARN_64_TO_32_BIT_CONVERSION = YES;
				GCC_WARN_ABOUT_RETURN_TYPE = YES_ERROR;
				GCC_WARN_UNDECLARED_SELECTOR = YES;
				GCC_WARN_UNINITIALIZED_AUTOS = YES_AGGRESSIVE;
				GCC_WARN_UNUSED_FUNCTION = YES;
				GCC_WARN_UNUSED_VARIABLE = YES;
				IPHONEOS_DEPLOYMENT_TARGET = 11.4;
				MTL_ENABLE_DEBUG_INFO = NO;
				SDKROOT = iphoneos;
				SWIFT_COMPILATION_MODE = wholemodule;
				SWIFT_OPTIMIZATION_LEVEL = "-O";
				VALIDATE_PRODUCT = YES;
			};
			name = Release;
		};
		AFE76A582138244E00F071FF /* Debug */ = {
			isa = XCBuildConfiguration;
			buildSettings = {
				ASSETCATALOG_COMPILER_APPICON_NAME = AppIcon;
				CODE_SIGN_STYLE = Automatic;
				DEVELOPMENT_TEAM = J3GY5XRDQB;
				INFOPLIST_FILE = FlapybirdGame/Info.plist;
				LD_RUNPATH_SEARCH_PATHS = (
					"$(inherited)",
					"@executable_path/Frameworks",
				);
				PRODUCT_BUNDLE_IDENTIFIER = com.master.FlapybirdGame;
				PRODUCT_NAME = "$(TARGET_NAME)";
				SWIFT_VERSION = 4.0;
				TARGETED_DEVICE_FAMILY = "1,2";
			};
			name = Debug;
		};
		AFE76A592138244E00F071FF /* Release */ = {
			isa = XCBuildConfiguration;
			buildSettings = {
				ASSETCATALOG_COMPILER_APPICON_NAME = AppIcon;
				CODE_SIGN_STYLE = Automatic;
				DEVELOPMENT_TEAM = J3GY5XRDQB;
				INFOPLIST_FILE = FlapybirdGame/Info.plist;
				LD_RUNPATH_SEARCH_PATHS = (
					"$(inherited)",
					"@executable_path/Frameworks",
				);
				PRODUCT_BUNDLE_IDENTIFIER = com.master.FlapybirdGame;
				PRODUCT_NAME = "$(TARGET_NAME)";
				SWIFT_VERSION = 4.0;
				TARGETED_DEVICE_FAMILY = "1,2";
			};
			name = Release;
		};
/* End XCBuildConfiguration section */

/* Begin XCConfigurationList section */
		AFE76A3A2138244B00F071FF /* Build configuration list for PBXProject "FlapybirdGame" */ = {
			isa = XCConfigurationList;
			buildConfigurations = (
				AFE76A552138244E00F071FF /* Debug */,
				AFE76A562138244E00F071FF /* Release */,
			);
			defaultConfigurationIsVisible = 0;
			defaultConfigurationName = Release;
		};
		AFE76A572138244E00F071FF /* Build configuration list for PBXNativeTarget "FlapybirdGame" */ = {
			isa = XCConfigurationList;
			buildConfigurations = (
				AFE76A582138244E00F071FF /* Debug */,
				AFE76A592138244E00F071FF /* Release */,
			);
			defaultConfigurationIsVisible = 0;
			defaultConfigurationName = Release;
		};
/* End XCConfigurationList section */
	};
	rootObject = AFE76A372138244B00F071FF /* Project object */;
}
